// !$*UTF8*$!
{
	archiveVersion = 1;
	classes = {
	};
	objectVersion = 46;
	objects = {

/* Begin PBXBuildFile section */
		0C82C0E0181CA0A90006F60B /* CreateReminderViewController.m in Sources */ = {isa = PBXBuildFile; fileRef = 0C82C0DD181CA0A90006F60B /* CreateReminderViewController.m */; };
		0C82C0E1181CA0A90006F60B /* ReminderManagerViewController.m in Sources */ = {isa = PBXBuildFile; fileRef = 0C82C0DF181CA0A90006F60B /* ReminderManagerViewController.m */; };
		0CB8570B181C7E3100D71BA1 /* UIKit.framework in Frameworks */ = {isa = PBXBuildFile; fileRef = 0CB8570A181C7E3100D71BA1 /* UIKit.framework */; };
		0CB8570D181C7E3100D71BA1 /* Foundation.framework in Frameworks */ = {isa = PBXBuildFile; fileRef = 0CB8570C181C7E3100D71BA1 /* Foundation.framework */; };
		0CB8570F181C7E3100D71BA1 /* CoreGraphics.framework in Frameworks */ = {isa = PBXBuildFile; fileRef = 0CB8570E181C7E3100D71BA1 /* CoreGraphics.framework */; };
		0CB85715181C7E3100D71BA1 /* InfoPlist.strings in Resources */ = {isa = PBXBuildFile; fileRef = 0CB85713181C7E3100D71BA1 /* InfoPlist.strings */; };
		0CB85717181C7E3100D71BA1 /* main.m in Sources */ = {isa = PBXBuildFile; fileRef = 0CB85716181C7E3100D71BA1 /* main.m */; };
		0CB8571B181C7E3200D71BA1 /* MediScheduleAppDelegate.m in Sources */ = {isa = PBXBuildFile; fileRef = 0CB8571A181C7E3200D71BA1 /* MediScheduleAppDelegate.m */; };
		0CB8571D181C7E3200D71BA1 /* Default.png in Resources */ = {isa = PBXBuildFile; fileRef = 0CB8571C181C7E3200D71BA1 /* Default.png */; };
		0CB8571F181C7E3200D71BA1 /* Default@2x.png in Resources */ = {isa = PBXBuildFile; fileRef = 0CB8571E181C7E3200D71BA1 /* Default@2x.png */; };
		0CB85721181C7E3200D71BA1 /* Default-568h@2x.png in Resources */ = {isa = PBXBuildFile; fileRef = 0CB85720181C7E3200D71BA1 /* Default-568h@2x.png */; };
		0CB85724181C7E3200D71BA1 /* MainStoryboard.storyboard in Resources */ = {isa = PBXBuildFile; fileRef = 0CB85722181C7E3200D71BA1 /* MainStoryboard.storyboard */; };
		0CB85732181C7E3200D71BA1 /* SenTestingKit.framework in Frameworks */ = {isa = PBXBuildFile; fileRef = 0CB85731181C7E3200D71BA1 /* SenTestingKit.framework */; };
		0CB85733181C7E3200D71BA1 /* UIKit.framework in Frameworks */ = {isa = PBXBuildFile; fileRef = 0CB8570A181C7E3100D71BA1 /* UIKit.framework */; };
		0CB85734181C7E3200D71BA1 /* Foundation.framework in Frameworks */ = {isa = PBXBuildFile; fileRef = 0CB8570C181C7E3100D71BA1 /* Foundation.framework */; };
		0CB8573C181C7E3200D71BA1 /* InfoPlist.strings in Resources */ = {isa = PBXBuildFile; fileRef = 0CB8573A181C7E3200D71BA1 /* InfoPlist.strings */; };
		0CB8573F181C7E3200D71BA1 /* MediScheduleTests.m in Sources */ = {isa = PBXBuildFile; fileRef = 0CB8573E181C7E3200D71BA1 /* MediScheduleTests.m */; };
		0CB85752181C7FE500D71BA1 /* Pill.m in Sources */ = {isa = PBXBuildFile; fileRef = 0CB85749181C7FE500D71BA1 /* Pill.m */; };
		0CB85753181C7FE500D71BA1 /* PillManager.m in Sources */ = {isa = PBXBuildFile; fileRef = 0CB8574B181C7FE500D71BA1 /* PillManager.m */; };
		0CB85754181C7FE500D71BA1 /* Reminder.m in Sources */ = {isa = PBXBuildFile; fileRef = 0CB8574D181C7FE500D71BA1 /* Reminder.m */; };
		0CB85755181C7FE500D71BA1 /* ReminderManager.m in Sources */ = {isa = PBXBuildFile; fileRef = 0CB8574F181C7FE500D71BA1 /* ReminderManager.m */; };
		0CB85756181C7FE500D71BA1 /* Time.m in Sources */ = {isa = PBXBuildFile; fileRef = 0CB85751181C7FE500D71BA1 /* Time.m */; };
		844923CE18486B2D00F34BEE /* GlobalVariables.m in Sources */ = {isa = PBXBuildFile; fileRef = 844923CD18486B2D00F34BEE /* GlobalVariables.m */; };
		84AAAFAB182379F2009B7E98 /* Doctor.m in Sources */ = {isa = PBXBuildFile; fileRef = 84AAAF9B182379F2009B7E98 /* Doctor.m */; };
		84AAAFAD182379F2009B7E98 /* DoctorManager.m in Sources */ = {isa = PBXBuildFile; fileRef = 84AAAF9F182379F2009B7E98 /* DoctorManager.m */; };
		9E4D8A2E182D938F0011850E /* DoctorManagerViewController.m in Sources */ = {isa = PBXBuildFile; fileRef = 9E4D8A2D182D938F0011850E /* DoctorManagerViewController.m */; };
		9E4D8A34182D9FBA0011850E /* CreateDoctorViewController.m in Sources */ = {isa = PBXBuildFile; fileRef = 9E4D8A33182D9FBA0011850E /* CreateDoctorViewController.m */; };
		9E82E7F618306D560027A8E2 /* EditDoctorViewController.m in Sources */ = {isa = PBXBuildFile; fileRef = 9E82E7F518306D560027A8E2 /* EditDoctorViewController.m */; };
		9EB6DD181821E1740086666E /* LoginViewController.m in Sources */ = {isa = PBXBuildFile; fileRef = 9EB6DD171821E1740086666E /* LoginViewController.m */; };
		9ED57BBA182C61AC000A8B38 /* PillManagerViewController.m in Sources */ = {isa = PBXBuildFile; fileRef = 9ED57BB9182C61AC000A8B38 /* PillManagerViewController.m */; };
		9ED57BBD182C70BF000A8B38 /* CreatePillViewController.m in Sources */ = {isa = PBXBuildFile; fileRef = 9ED57BBC182C70BF000A8B38 /* CreatePillViewController.m */; };
		D15F6E2B181DDC2300322100 /* icon.png in Resources */ = {isa = PBXBuildFile; fileRef = D15F6E2A181DDC2300322100 /* icon.png */; };
		D1A2B8281846C43A009F6CD3 /* EditPillViewController.m in Sources */ = {isa = PBXBuildFile; fileRef = D1A2B8271846C43A009F6CD3 /* EditPillViewController.m */; };
/* End PBXBuildFile section */

/* Begin PBXContainerItemProxy section */
		0CB85735181C7E3200D71BA1 /* PBXContainerItemProxy */ = {
			isa = PBXContainerItemProxy;
			containerPortal = 0CB856FF181C7E3100D71BA1 /* Project object */;
			proxyType = 1;
			remoteGlobalIDString = 0CB85706181C7E3100D71BA1;
			remoteInfo = MediSchedule;
		};
/* End PBXContainerItemProxy section */

/* Begin PBXFileReference section */
		0C82C0DC181CA0A90006F60B /* CreateReminderViewController.h */ = {isa = PBXFileReference; fileEncoding = 4; lastKnownFileType = sourcecode.c.h; path = CreateReminderViewController.h; sourceTree = "<group>"; };
		0C82C0DD181CA0A90006F60B /* CreateReminderViewController.m */ = {isa = PBXFileReference; fileEncoding = 4; lastKnownFileType = sourcecode.c.objc; path = CreateReminderViewController.m; sourceTree = "<group>"; };
		0C82C0DE181CA0A90006F60B /* ReminderManagerViewController.h */ = {isa = PBXFileReference; fileEncoding = 4; lastKnownFileType = sourcecode.c.h; path = ReminderManagerViewController.h; sourceTree = "<group>"; };
		0C82C0DF181CA0A90006F60B /* ReminderManagerViewController.m */ = {isa = PBXFileReference; fileEncoding = 4; lastKnownFileType = sourcecode.c.objc; path = ReminderManagerViewController.m; sourceTree = "<group>"; };
		0CB85707181C7E3100D71BA1 /* MediSchedule.app */ = {isa = PBXFileReference; explicitFileType = wrapper.application; includeInIndex = 0; path = MediSchedule.app; sourceTree = BUILT_PRODUCTS_DIR; };
		0CB8570A181C7E3100D71BA1 /* UIKit.framework */ = {isa = PBXFileReference; lastKnownFileType = wrapper.framework; name = UIKit.framework; path = System/Library/Frameworks/UIKit.framework; sourceTree = SDKROOT; };
		0CB8570C181C7E3100D71BA1 /* Foundation.framework */ = {isa = PBXFileReference; lastKnownFileType = wrapper.framework; name = Foundation.framework; path = System/Library/Frameworks/Foundation.framework; sourceTree = SDKROOT; };
		0CB8570E181C7E3100D71BA1 /* CoreGraphics.framework */ = {isa = PBXFileReference; lastKnownFileType = wrapper.framework; name = CoreGraphics.framework; path = System/Library/Frameworks/CoreGraphics.framework; sourceTree = SDKROOT; };
		0CB85712181C7E3100D71BA1 /* MediSchedule-Info.plist */ = {isa = PBXFileReference; lastKnownFileType = text.plist.xml; path = "MediSchedule-Info.plist"; sourceTree = "<group>"; };
		0CB85714181C7E3100D71BA1 /* en */ = {isa = PBXFileReference; lastKnownFileType = text.plist.strings; name = en; path = en.lproj/InfoPlist.strings; sourceTree = "<group>"; };
		0CB85716181C7E3100D71BA1 /* main.m */ = {isa = PBXFileReference; lastKnownFileType = sourcecode.c.objc; path = main.m; sourceTree = "<group>"; };
		0CB85718181C7E3100D71BA1 /* MediSchedule-Prefix.pch */ = {isa = PBXFileReference; lastKnownFileType = sourcecode.c.h; path = "MediSchedule-Prefix.pch"; sourceTree = "<group>"; };
		0CB85719181C7E3200D71BA1 /* MediScheduleAppDelegate.h */ = {isa = PBXFileReference; lastKnownFileType = sourcecode.c.h; path = MediScheduleAppDelegate.h; sourceTree = "<group>"; };
		0CB8571A181C7E3200D71BA1 /* MediScheduleAppDelegate.m */ = {isa = PBXFileReference; lastKnownFileType = sourcecode.c.objc; path = MediScheduleAppDelegate.m; sourceTree = "<group>"; };
		0CB8571C181C7E3200D71BA1 /* Default.png */ = {isa = PBXFileReference; lastKnownFileType = image.png; path = Default.png; sourceTree = "<group>"; };
		0CB8571E181C7E3200D71BA1 /* Default@2x.png */ = {isa = PBXFileReference; lastKnownFileType = image.png; path = "Default@2x.png"; sourceTree = "<group>"; };
		0CB85720181C7E3200D71BA1 /* Default-568h@2x.png */ = {isa = PBXFileReference; lastKnownFileType = image.png; path = "Default-568h@2x.png"; sourceTree = "<group>"; };
		0CB85723181C7E3200D71BA1 /* en */ = {isa = PBXFileReference; lastKnownFileType = file.storyboard; name = en; path = en.lproj/MainStoryboard.storyboard; sourceTree = "<group>"; };
		0CB85730181C7E3200D71BA1 /* MediScheduleTests.octest */ = {isa = PBXFileReference; explicitFileType = wrapper.cfbundle; includeInIndex = 0; path = MediScheduleTests.octest; sourceTree = BUILT_PRODUCTS_DIR; };
		0CB85731181C7E3200D71BA1 /* SenTestingKit.framework */ = {isa = PBXFileReference; lastKnownFileType = wrapper.framework; name = SenTestingKit.framework; path = Library/Frameworks/SenTestingKit.framework; sourceTree = DEVELOPER_DIR; };
		0CB85739181C7E3200D71BA1 /* MediScheduleTests-Info.plist */ = {isa = PBXFileReference; lastKnownFileType = text.plist.xml; path = "MediScheduleTests-Info.plist"; sourceTree = "<group>"; };
		0CB8573B181C7E3200D71BA1 /* en */ = {isa = PBXFileReference; lastKnownFileType = text.plist.strings; name = en; path = en.lproj/InfoPlist.strings; sourceTree = "<group>"; };
		0CB8573D181C7E3200D71BA1 /* MediScheduleTests.h */ = {isa = PBXFileReference; lastKnownFileType = sourcecode.c.h; path = MediScheduleTests.h; sourceTree = "<group>"; };
		0CB8573E181C7E3200D71BA1 /* MediScheduleTests.m */ = {isa = PBXFileReference; lastKnownFileType = sourcecode.c.objc; path = MediScheduleTests.m; sourceTree = "<group>"; };
		0CB85748181C7FE500D71BA1 /* Pill.h */ = {isa = PBXFileReference; fileEncoding = 4; lastKnownFileType = sourcecode.c.h; path = Pill.h; sourceTree = "<group>"; };
		0CB85749181C7FE500D71BA1 /* Pill.m */ = {isa = PBXFileReference; fileEncoding = 4; lastKnownFileType = sourcecode.c.objc; path = Pill.m; sourceTree = "<group>"; };
		0CB8574A181C7FE500D71BA1 /* PillManager.h */ = {isa = PBXFileReference; fileEncoding = 4; lastKnownFileType = sourcecode.c.h; path = PillManager.h; sourceTree = "<group>"; };
		0CB8574B181C7FE500D71BA1 /* PillManager.m */ = {isa = PBXFileReference; fileEncoding = 4; lastKnownFileType = sourcecode.c.objc; path = PillManager.m; sourceTree = "<group>"; };
		0CB8574C181C7FE500D71BA1 /* Reminder.h */ = {isa = PBXFileReference; fileEncoding = 4; lastKnownFileType = sourcecode.c.h; path = Reminder.h; sourceTree = "<group>"; };
		0CB8574D181C7FE500D71BA1 /* Reminder.m */ = {isa = PBXFileReference; fileEncoding = 4; lastKnownFileType = sourcecode.c.objc; path = Reminder.m; sourceTree = "<group>"; };
		0CB8574E181C7FE500D71BA1 /* ReminderManager.h */ = {isa = PBXFileReference; fileEncoding = 4; lastKnownFileType = sourcecode.c.h; path = ReminderManager.h; sourceTree = "<group>"; };
		0CB8574F181C7FE500D71BA1 /* ReminderManager.m */ = {isa = PBXFileReference; fileEncoding = 4; lastKnownFileType = sourcecode.c.objc; path = ReminderManager.m; sourceTree = "<group>"; };
		0CB85750181C7FE500D71BA1 /* Time.h */ = {isa = PBXFileReference; fileEncoding = 4; lastKnownFileType = sourcecode.c.h; path = Time.h; sourceTree = "<group>"; };
		0CB85751181C7FE500D71BA1 /* Time.m */ = {isa = PBXFileReference; fileEncoding = 4; lastKnownFileType = sourcecode.c.objc; path = Time.m; sourceTree = "<group>"; };
		844923CC18486B2D00F34BEE /* GlobalVariables.h */ = {isa = PBXFileReference; fileEncoding = 4; lastKnownFileType = sourcecode.c.h; path = GlobalVariables.h; sourceTree = "<group>"; };
		844923CD18486B2D00F34BEE /* GlobalVariables.m */ = {isa = PBXFileReference; fileEncoding = 4; lastKnownFileType = sourcecode.c.objc; path = GlobalVariables.m; sourceTree = "<group>"; };
		84AAAF9A182379F2009B7E98 /* Doctor.h */ = {isa = PBXFileReference; fileEncoding = 4; lastKnownFileType = sourcecode.c.h; path = Doctor.h; sourceTree = "<group>"; };
		84AAAF9B182379F2009B7E98 /* Doctor.m */ = {isa = PBXFileReference; fileEncoding = 4; lastKnownFileType = sourcecode.c.objc; path = Doctor.m; sourceTree = "<group>"; };
		84AAAF9E182379F2009B7E98 /* DoctorManager.h */ = {isa = PBXFileReference; fileEncoding = 4; lastKnownFileType = sourcecode.c.h; path = DoctorManager.h; sourceTree = "<group>"; };
		84AAAF9F182379F2009B7E98 /* DoctorManager.m */ = {isa = PBXFileReference; fileEncoding = 4; lastKnownFileType = sourcecode.c.objc; path = DoctorManager.m; sourceTree = "<group>"; };
		9E4D8A2C182D938F0011850E /* DoctorManagerViewController.h */ = {isa = PBXFileReference; fileEncoding = 4; lastKnownFileType = sourcecode.c.h; path = DoctorManagerViewController.h; sourceTree = "<group>"; };
		9E4D8A2D182D938F0011850E /* DoctorManagerViewController.m */ = {isa = PBXFileReference; fileEncoding = 4; lastKnownFileType = sourcecode.c.objc; path = DoctorManagerViewController.m; sourceTree = "<group>"; };
		9E4D8A32182D9FBA0011850E /* CreateDoctorViewController.h */ = {isa = PBXFileReference; fileEncoding = 4; lastKnownFileType = sourcecode.c.h; path = CreateDoctorViewController.h; sourceTree = "<group>"; };
		9E4D8A33182D9FBA0011850E /* CreateDoctorViewController.m */ = {isa = PBXFileReference; fileEncoding = 4; lastKnownFileType = sourcecode.c.objc; path = CreateDoctorViewController.m; sourceTree = "<group>"; };
		9E82E7F418306D560027A8E2 /* EditDoctorViewController.h */ = {isa = PBXFileReference; fileEncoding = 4; lastKnownFileType = sourcecode.c.h; path = EditDoctorViewController.h; sourceTree = "<group>"; };
		9E82E7F518306D560027A8E2 /* EditDoctorViewController.m */ = {isa = PBXFileReference; fileEncoding = 4; lastKnownFileType = sourcecode.c.objc; path = EditDoctorViewController.m; sourceTree = "<group>"; };
		9EB6DD161821E1740086666E /* LoginViewController.h */ = {isa = PBXFileReference; fileEncoding = 4; lastKnownFileType = sourcecode.c.h; path = LoginViewController.h; sourceTree = "<group>"; };
		9EB6DD171821E1740086666E /* LoginViewController.m */ = {isa = PBXFileReference; fileEncoding = 4; lastKnownFileType = sourcecode.c.objc; path = LoginViewController.m; sourceTree = "<group>"; };
		9ED57BB8182C61AC000A8B38 /* PillManagerViewController.h */ = {isa = PBXFileReference; fileEncoding = 4; lastKnownFileType = sourcecode.c.h; path = PillManagerViewController.h; sourceTree = "<group>"; };
		9ED57BB9182C61AC000A8B38 /* PillManagerViewController.m */ = {isa = PBXFileReference; fileEncoding = 4; lastKnownFileType = sourcecode.c.objc; path = PillManagerViewController.m; sourceTree = "<group>"; };
		9ED57BBB182C70BF000A8B38 /* CreatePillViewController.h */ = {isa = PBXFileReference; fileEncoding = 4; lastKnownFileType = sourcecode.c.h; path = CreatePillViewController.h; sourceTree = "<group>"; };
		9ED57BBC182C70BF000A8B38 /* CreatePillViewController.m */ = {isa = PBXFileReference; fileEncoding = 4; lastKnownFileType = sourcecode.c.objc; path = CreatePillViewController.m; sourceTree = "<group>"; };
		D15F6E2A181DDC2300322100 /* icon.png */ = {isa = PBXFileReference; lastKnownFileType = image.png; path = icon.png; sourceTree = "<group>"; };
		D1A2B8261846C43A009F6CD3 /* EditPillViewController.h */ = {isa = PBXFileReference; fileEncoding = 4; lastKnownFileType = sourcecode.c.h; path = EditPillViewController.h; sourceTree = "<group>"; };
		D1A2B8271846C43A009F6CD3 /* EditPillViewController.m */ = {isa = PBXFileReference; fileEncoding = 4; lastKnownFileType = sourcecode.c.objc; path = EditPillViewController.m; sourceTree = "<group>"; };
/* End PBXFileReference section */

/* Begin PBXFrameworksBuildPhase section */
		0CB85704181C7E3100D71BA1 /* Frameworks */ = {
			isa = PBXFrameworksBuildPhase;
			buildActionMask = 2147483647;
			files = (
				0CB8570B181C7E3100D71BA1 /* UIKit.framework in Frameworks */,
				0CB8570D181C7E3100D71BA1 /* Foundation.framework in Frameworks */,
				0CB8570F181C7E3100D71BA1 /* CoreGraphics.framework in Frameworks */,
			);
			runOnlyForDeploymentPostprocessing = 0;
		};
		0CB8572C181C7E3200D71BA1 /* Frameworks */ = {
			isa = PBXFrameworksBuildPhase;
			buildActionMask = 2147483647;
			files = (
				0CB85732181C7E3200D71BA1 /* SenTestingKit.framework in Frameworks */,
				0CB85733181C7E3200D71BA1 /* UIKit.framework in Frameworks */,
				0CB85734181C7E3200D71BA1 /* Foundation.framework in Frameworks */,
			);
			runOnlyForDeploymentPostprocessing = 0;
		};
/* End PBXFrameworksBuildPhase section */

/* Begin PBXGroup section */
		0C82C0DB181C8BA80006F60B /* View Controllers */ = {
			isa = PBXGroup;
			children = (
				9E4D8A31182D93AE0011850E /* Doctors */,
				9E4D8A30182D93A30011850E /* Pills */,
				9E4D8A2F182D93990011850E /* Reminders */,
				9EB6DD161821E1740086666E /* LoginViewController.h */,
				9EB6DD171821E1740086666E /* LoginViewController.m */,
			);
			name = "View Controllers";
			sourceTree = "<group>";
		};
		0CB856FE181C7E3100D71BA1 = {
			isa = PBXGroup;
			children = (
				D15F6E2A181DDC2300322100 /* icon.png */,
				0CB85710181C7E3100D71BA1 /* MediSchedule */,
				0CB85737181C7E3200D71BA1 /* MediScheduleTests */,
				0CB85709181C7E3100D71BA1 /* Frameworks */,
				0CB85708181C7E3100D71BA1 /* Products */,
			);
			sourceTree = "<group>";
		};
		0CB85708181C7E3100D71BA1 /* Products */ = {
			isa = PBXGroup;
			children = (
				0CB85707181C7E3100D71BA1 /* MediSchedule.app */,
				0CB85730181C7E3200D71BA1 /* MediScheduleTests.octest */,
			);
			name = Products;
			sourceTree = "<group>";
		};
		0CB85709181C7E3100D71BA1 /* Frameworks */ = {
			isa = PBXGroup;
			children = (
				0CB8570A181C7E3100D71BA1 /* UIKit.framework */,
				0CB8570C181C7E3100D71BA1 /* Foundation.framework */,
				0CB8570E181C7E3100D71BA1 /* CoreGraphics.framework */,
				0CB85731181C7E3200D71BA1 /* SenTestingKit.framework */,
			);
			name = Frameworks;
			sourceTree = "<group>";
		};
		0CB85710181C7E3100D71BA1 /* MediSchedule */ = {
			isa = PBXGroup;
			children = (
				844923CC18486B2D00F34BEE /* GlobalVariables.h */,
				844923CD18486B2D00F34BEE /* GlobalVariables.m */,
				0CB85722181C7E3200D71BA1 /* MainStoryboard.storyboard */,
				0C82C0DB181C8BA80006F60B /* View Controllers */,
				0CB85757181C7FEA00D71BA1 /* Data Structures */,
				0CB85719181C7E3200D71BA1 /* MediScheduleAppDelegate.h */,
				0CB8571A181C7E3200D71BA1 /* MediScheduleAppDelegate.m */,
				0CB85711181C7E3100D71BA1 /* Supporting Files */,
			);
			path = MediSchedule;
			sourceTree = "<group>";
		};
		0CB85711181C7E3100D71BA1 /* Supporting Files */ = {
			isa = PBXGroup;
			children = (
				0CB85712181C7E3100D71BA1 /* MediSchedule-Info.plist */,
				0CB85713181C7E3100D71BA1 /* InfoPlist.strings */,
				0CB85716181C7E3100D71BA1 /* main.m */,
				0CB85718181C7E3100D71BA1 /* MediSchedule-Prefix.pch */,
				0CB8571C181C7E3200D71BA1 /* Default.png */,
				0CB8571E181C7E3200D71BA1 /* Default@2x.png */,
				0CB85720181C7E3200D71BA1 /* Default-568h@2x.png */,
			);
			name = "Supporting Files";
			sourceTree = "<group>";
		};
		0CB85737181C7E3200D71BA1 /* MediScheduleTests */ = {
			isa = PBXGroup;
			children = (
				0CB8573D181C7E3200D71BA1 /* MediScheduleTests.h */,
				0CB8573E181C7E3200D71BA1 /* MediScheduleTests.m */,
				0CB85738181C7E3200D71BA1 /* Supporting Files */,
			);
			path = MediScheduleTests;
			sourceTree = "<group>";
		};
		0CB85738181C7E3200D71BA1 /* Supporting Files */ = {
			isa = PBXGroup;
			children = (
				0CB85739181C7E3200D71BA1 /* MediScheduleTests-Info.plist */,
				0CB8573A181C7E3200D71BA1 /* InfoPlist.strings */,
			);
			name = "Supporting Files";
			sourceTree = "<group>";
		};
		0CB85757181C7FEA00D71BA1 /* Data Structures */ = {
			isa = PBXGroup;
			children = (
				84AAAF9E182379F2009B7E98 /* DoctorManager.h */,
				84AAAF9F182379F2009B7E98 /* DoctorManager.m */,
				84AAAF9A182379F2009B7E98 /* Doctor.h */,
				84AAAF9B182379F2009B7E98 /* Doctor.m */,
				0CB85750181C7FE500D71BA1 /* Time.h */,
				0CB85751181C7FE500D71BA1 /* Time.m */,
				0CB85748181C7FE500D71BA1 /* Pill.h */,
				0CB85749181C7FE500D71BA1 /* Pill.m */,
				0CB8574A181C7FE500D71BA1 /* PillManager.h */,
				0CB8574B181C7FE500D71BA1 /* PillManager.m */,
				0CB8574C181C7FE500D71BA1 /* Reminder.h */,
				0CB8574D181C7FE500D71BA1 /* Reminder.m */,
				0CB8574E181C7FE500D71BA1 /* ReminderManager.h */,
				0CB8574F181C7FE500D71BA1 /* ReminderManager.m */,
			);
			name = "Data Structures";
			sourceTree = "<group>";
		};
		9E4D8A2F182D93990011850E /* Reminders */ = {
			isa = PBXGroup;
			children = (
				0C82C0DC181CA0A90006F60B /* CreateReminderViewController.h */,
				0C82C0DD181CA0A90006F60B /* CreateReminderViewController.m */,
				0C82C0DE181CA0A90006F60B /* ReminderManagerViewController.h */,
				0C82C0DF181CA0A90006F60B /* ReminderManagerViewController.m */,
			);
			name = Reminders;
			sourceTree = "<group>";
		};
		9E4D8A30182D93A30011850E /* Pills */ = {
			isa = PBXGroup;
			children = (
				9ED57BB8182C61AC000A8B38 /* PillManagerViewController.h */,
				9ED57BB9182C61AC000A8B38 /* PillManagerViewController.m */,
				9ED57BBB182C70BF000A8B38 /* CreatePillViewController.h */,
				9ED57BBC182C70BF000A8B38 /* CreatePillViewController.m */,
				D1A2B8261846C43A009F6CD3 /* EditPillViewController.h */,
				D1A2B8271846C43A009F6CD3 /* EditPillViewController.m */,
			);
			name = Pills;
			sourceTree = "<group>";
		};
		9E4D8A31182D93AE0011850E /* Doctors */ = {
			isa = PBXGroup;
			children = (
				9E4D8A2C182D938F0011850E /* DoctorManagerViewController.h */,
				9E4D8A2D182D938F0011850E /* DoctorManagerViewController.m */,
				9E4D8A32182D9FBA0011850E /* CreateDoctorViewController.h */,
				9E4D8A33182D9FBA0011850E /* CreateDoctorViewController.m */,
				9E82E7F418306D560027A8E2 /* EditDoctorViewController.h */,
				9E82E7F518306D560027A8E2 /* EditDoctorViewController.m */,
			);
			name = Doctors;
			sourceTree = "<group>";
		};
/* End PBXGroup section */

/* Begin PBXNativeTarget section */
		0CB85706181C7E3100D71BA1 /* MediSchedule */ = {
			isa = PBXNativeTarget;
			buildConfigurationList = 0CB85742181C7E3200D71BA1 /* Build configuration list for PBXNativeTarget "MediSchedule" */;
			buildPhases = (
				0CB85703181C7E3100D71BA1 /* Sources */,
				0CB85704181C7E3100D71BA1 /* Frameworks */,
				0CB85705181C7E3100D71BA1 /* Resources */,
			);
			buildRules = (
			);
			dependencies = (
			);
			name = MediSchedule;
			productName = MediSchedule;
			productReference = 0CB85707181C7E3100D71BA1 /* MediSchedule.app */;
			productType = "com.apple.product-type.application";
		};
		0CB8572F181C7E3200D71BA1 /* MediScheduleTests */ = {
			isa = PBXNativeTarget;
			buildConfigurationList = 0CB85745181C7E3200D71BA1 /* Build configuration list for PBXNativeTarget "MediScheduleTests" */;
			buildPhases = (
				0CB8572B181C7E3200D71BA1 /* Sources */,
				0CB8572C181C7E3200D71BA1 /* Frameworks */,
				0CB8572D181C7E3200D71BA1 /* Resources */,
				0CB8572E181C7E3200D71BA1 /* ShellScript */,
			);
			buildRules = (
			);
			dependencies = (
				0CB85736181C7E3200D71BA1 /* PBXTargetDependency */,
			);
			name = MediScheduleTests;
			productName = MediScheduleTests;
			productReference = 0CB85730181C7E3200D71BA1 /* MediScheduleTests.octest */;
			productType = "com.apple.product-type.bundle";
		};
/* End PBXNativeTarget section */

/* Begin PBXProject section */
		0CB856FF181C7E3100D71BA1 /* Project object */ = {
			isa = PBXProject;
			attributes = {
				CLASSPREFIX = MediSchedule;
				LastUpgradeCheck = 0500;
				ORGANIZATIONNAME = "Team 0x0A";
				TargetAttributes = {
					0CB85706181C7E3100D71BA1 = {
						DevelopmentTeam = XM6475YHW9;
					};
				};
			};
			buildConfigurationList = 0CB85702181C7E3100D71BA1 /* Build configuration list for PBXProject "MediSchedule" */;
			compatibilityVersion = "Xcode 3.2";
			developmentRegion = English;
			hasScannedForEncodings = 0;
			knownRegions = (
				en,
			);
			mainGroup = 0CB856FE181C7E3100D71BA1;
			productRefGroup = 0CB85708181C7E3100D71BA1 /* Products */;
			projectDirPath = "";
			projectRoot = "";
			targets = (
				0CB85706181C7E3100D71BA1 /* MediSchedule */,
				0CB8572F181C7E3200D71BA1 /* MediScheduleTests */,
			);
		};
/* End PBXProject section */

/* Begin PBXResourcesBuildPhase section */
		0CB85705181C7E3100D71BA1 /* Resources */ = {
			isa = PBXResourcesBuildPhase;
			buildActionMask = 2147483647;
			files = (
				0CB85715181C7E3100D71BA1 /* InfoPlist.strings in Resources */,
				0CB8571D181C7E3200D71BA1 /* Default.png in Resources */,
				0CB8571F181C7E3200D71BA1 /* Default@2x.png in Resources */,
				0CB85721181C7E3200D71BA1 /* Default-568h@2x.png in Resources */,
				0CB85724181C7E3200D71BA1 /* MainStoryboard.storyboard in Resources */,
				D15F6E2B181DDC2300322100 /* icon.png in Resources */,
			);
			runOnlyForDeploymentPostprocessing = 0;
		};
		0CB8572D181C7E3200D71BA1 /* Resources */ = {
			isa = PBXResourcesBuildPhase;
			buildActionMask = 2147483647;
			files = (
				0CB8573C181C7E3200D71BA1 /* InfoPlist.strings in Resources */,
			);
			runOnlyForDeploymentPostprocessing = 0;
		};
/* End PBXResourcesBuildPhase section */

/* Begin PBXShellScriptBuildPhase section */
		0CB8572E181C7E3200D71BA1 /* ShellScript */ = {
			isa = PBXShellScriptBuildPhase;
			buildActionMask = 2147483647;
			files = (
			);
			inputPaths = (
			);
			outputPaths = (
			);
			runOnlyForDeploymentPostprocessing = 0;
			shellPath = /bin/sh;
			shellScript = "# Run the unit tests in this test bundle.\n\"${SYSTEM_DEVELOPER_DIR}/Tools/RunUnitTests\"\n";
		};
/* End PBXShellScriptBuildPhase section */

/* Begin PBXSourcesBuildPhase section */
		0CB85703181C7E3100D71BA1 /* Sources */ = {
			isa = PBXSourcesBuildPhase;
			buildActionMask = 2147483647;
			files = (
				844923CE18486B2D00F34BEE /* GlobalVariables.m in Sources */,
				0CB85717181C7E3100D71BA1 /* main.m in Sources */,
				0CB8571B181C7E3200D71BA1 /* MediScheduleAppDelegate.m in Sources */,
				84AAAFAD182379F2009B7E98 /* DoctorManager.m in Sources */,
				84AAAFAB182379F2009B7E98 /* Doctor.m in Sources */,
				0CB85752181C7FE500D71BA1 /* Pill.m in Sources */,
				0CB85753181C7FE500D71BA1 /* PillManager.m in Sources */,
				0CB85754181C7FE500D71BA1 /* Reminder.m in Sources */,
				0CB85755181C7FE500D71BA1 /* ReminderManager.m in Sources */,
				0CB85756181C7FE500D71BA1 /* Time.m in Sources */,
				0C82C0E0181CA0A90006F60B /* CreateReminderViewController.m in Sources */,
				0C82C0E1181CA0A90006F60B /* ReminderManagerViewController.m in Sources */,
				9EB6DD181821E1740086666E /* LoginViewController.m in Sources */,
				9ED57BBA182C61AC000A8B38 /* PillManagerViewController.m in Sources */,
				9ED57BBD182C70BF000A8B38 /* CreatePillViewController.m in Sources */,
				9E4D8A2E182D938F0011850E /* DoctorManagerViewController.m in Sources */,
				9E4D8A34182D9FBA0011850E /* CreateDoctorViewController.m in Sources */,
				9E82E7F618306D560027A8E2 /* EditDoctorViewController.m in Sources */,
				D1A2B8281846C43A009F6CD3 /* EditPillViewController.m in Sources */,
			);
			runOnlyForDeploymentPostprocessing = 0;
		};
		0CB8572B181C7E3200D71BA1 /* Sources */ = {
			isa = PBXSourcesBuildPhase;
			buildActionMask = 2147483647;
			files = (
				0CB8573F181C7E3200D71BA1 /* MediScheduleTests.m in Sources */,
			);
			runOnlyForDeploymentPostprocessing = 0;
		};
/* End PBXSourcesBuildPhase section */

/* Begin PBXTargetDependency section */
		0CB85736181C7E3200D71BA1 /* PBXTargetDependency */ = {
			isa = PBXTargetDependency;
			target = 0CB85706181C7E3100D71BA1 /* MediSchedule */;
			targetProxy = 0CB85735181C7E3200D71BA1 /* PBXContainerItemProxy */;
		};
/* End PBXTargetDependency section */

/* Begin PBXVariantGroup section */
		0CB85713181C7E3100D71BA1 /* InfoPlist.strings */ = {
			isa = PBXVariantGroup;
			children = (
				0CB85714181C7E3100D71BA1 /* en */,
			);
			name = InfoPlist.strings;
			sourceTree = "<group>";
		};
		0CB85722181C7E3200D71BA1 /* MainStoryboard.storyboard */ = {
			isa = PBXVariantGroup;
			children = (
				0CB85723181C7E3200D71BA1 /* en */,
			);
			name = MainStoryboard.storyboard;
			sourceTree = "<group>";
		};
		0CB8573A181C7E3200D71BA1 /* InfoPlist.strings */ = {
			isa = PBXVariantGroup;
			children = (
				0CB8573B181C7E3200D71BA1 /* en */,
			);
			name = InfoPlist.strings;
			sourceTree = "<group>";
		};
/* End PBXVariantGroup section */

/* Begin XCBuildConfiguration section */
		0CB85740181C7E3200D71BA1 /* Debug */ = {
			isa = XCBuildConfiguration;
			buildSettings = {
				ALWAYS_SEARCH_USER_PATHS = NO;
				CLANG_CXX_LANGUAGE_STANDARD = "gnu++0x";
				CLANG_CXX_LIBRARY = "libc++";
				CLANG_ENABLE_OBJC_ARC = YES;
				CLANG_WARN_CONSTANT_CONVERSION = YES;
				CLANG_WARN_EMPTY_BODY = YES;
				CLANG_WARN_ENUM_CONVERSION = YES;
				CLANG_WARN_INT_CONVERSION = YES;
				CLANG_WARN__DUPLICATE_METHOD_MATCH = YES;
				"CODE_SIGN_IDENTITY[sdk=iphoneos*]" = "iPhone Developer";
				COPY_PHASE_STRIP = NO;
				GCC_C_LANGUAGE_STANDARD = gnu99;
				GCC_DYNAMIC_NO_PIC = NO;
				GCC_OPTIMIZATION_LEVEL = 0;
				GCC_PREPROCESSOR_DEFINITIONS = (
					"DEBUG=1",
					"$(inherited)",
				);
				GCC_SYMBOLS_PRIVATE_EXTERN = NO;
				GCC_WARN_ABOUT_RETURN_TYPE = YES;
				GCC_WARN_UNINITIALIZED_AUTOS = YES;
				GCC_WARN_UNUSED_VARIABLE = YES;
				IPHONEOS_DEPLOYMENT_TARGET = 6.1;
				ONLY_ACTIVE_ARCH = YES;
				SDKROOT = iphoneos6.1;
			};
			name = Debug;
		};
		0CB85741181C7E3200D71BA1 /* Release */ = {
			isa = XCBuildConfiguration;
			buildSettings = {
				ALWAYS_SEARCH_USER_PATHS = NO;
				CLANG_CXX_LANGUAGE_STANDARD = "gnu++0x";
				CLANG_CXX_LIBRARY = "libc++";
				CLANG_ENABLE_OBJC_ARC = YES;
				CLANG_WARN_CONSTANT_CONVERSION = YES;
				CLANG_WARN_EMPTY_BODY = YES;
				CLANG_WARN_ENUM_CONVERSION = YES;
				CLANG_WARN_INT_CONVERSION = YES;
				CLANG_WARN__DUPLICATE_METHOD_MATCH = YES;
				"CODE_SIGN_IDENTITY[sdk=iphoneos*]" = "iPhone Developer";
				COPY_PHASE_STRIP = YES;
				GCC_C_LANGUAGE_STANDARD = gnu99;
				GCC_WARN_ABOUT_RETURN_TYPE = YES;
				GCC_WARN_UNINITIALIZED_AUTOS = YES;
				GCC_WARN_UNUSED_VARIABLE = YES;
				IPHONEOS_DEPLOYMENT_TARGET = 6.1;
				OTHER_CFLAGS = "-DNS_BLOCK_ASSERTIONS=1";
				SDKROOT = iphoneos6.1;
				VALIDATE_PRODUCT = YES;
			};
			name = Release;
		};
		0CB85743181C7E3200D71BA1 /* Debug */ = {
			isa = XCBuildConfiguration;
			buildSettings = {
				CODE_SIGN_IDENTITY = "iPhone Developer";
				"CODE_SIGN_IDENTITY[sdk=iphoneos*]" = "iPhone Developer";
				GCC_PRECOMPILE_PREFIX_HEADER = YES;
				GCC_PREFIX_HEADER = "MediSchedule/MediSchedule-Prefix.pch";
				INFOPLIST_FILE = "MediSchedule/MediSchedule-Info.plist";
				PRODUCT_NAME = "$(TARGET_NAME)";
				PROVISIONING_PROFILE = "";
				SDKROOT = iphoneos6.1;
				WRAPPER_EXTENSION = app;
			};
			name = Debug;
		};
		0CB85744181C7E3200D71BA1 /* Release */ = {
			isa = XCBuildConfiguration;
			buildSettings = {
				CODE_SIGN_IDENTITY = "iPhone Developer";
				"CODE_SIGN_IDENTITY[sdk=iphoneos*]" = "iPhone Developer";
				GCC_PRECOMPILE_PREFIX_HEADER = YES;
				GCC_PREFIX_HEADER = "MediSchedule/MediSchedule-Prefix.pch";
				INFOPLIST_FILE = "MediSchedule/MediSchedule-Info.plist";
				PRODUCT_NAME = "$(TARGET_NAME)";
				PROVISIONING_PROFILE = "";
				SDKROOT = iphoneos6.1;
				WRAPPER_EXTENSION = app;
			};
			name = Release;
		};
		0CB85746181C7E3200D71BA1 /* Debug */ = {
			isa = XCBuildConfiguration;
			buildSettings = {
				BUNDLE_LOADER = "$(BUILT_PRODUCTS_DIR)/MediSchedule.app/MediSchedule";
				FRAMEWORK_SEARCH_PATHS = (
					"\"$(SDKROOT)/Developer/Library/Frameworks\"",
					"\"$(DEVELOPER_LIBRARY_DIR)/Frameworks\"",
				);
				GCC_PRECOMPILE_PREFIX_HEADER = YES;
				GCC_PREFIX_HEADER = "MediSchedule/MediSchedule-Prefix.pch";
				INFOPLIST_FILE = "MediScheduleTests/MediScheduleTests-Info.plist";
				PRODUCT_NAME = "$(TARGET_NAME)";
				TEST_HOST = "$(BUNDLE_LOADER)";
				WRAPPER_EXTENSION = octest;
			};
			name = Debug;
		};
		0CB85747181C7E3200D71BA1 /* Release */ = {
			isa = XCBuildConfiguration;
			buildSettings = {
				BUNDLE_LOADER = "$(BUILT_PRODUCTS_DIR)/MediSchedule.app/MediSchedule";
				FRAMEWORK_SEARCH_PATHS = (
					"\"$(SDKROOT)/Developer/Library/Frameworks\"",
					"\"$(DEVELOPER_LIBRARY_DIR)/Frameworks\"",
				);
				GCC_PRECOMPILE_PREFIX_HEADER = YES;
				GCC_PREFIX_HEADER = "MediSchedule/MediSchedule-Prefix.pch";
				INFOPLIST_FILE = "MediScheduleTests/MediScheduleTests-Info.plist";
				PRODUCT_NAME = "$(TARGET_NAME)";
				TEST_HOST = "$(BUNDLE_LOADER)";
				WRAPPER_EXTENSION = octest;
			};
			name = Release;
		};
/* End XCBuildConfiguration section */

/* Begin XCConfigurationList section */
		0CB85702181C7E3100D71BA1 /* Build configuration list for PBXProject "MediSchedule" */ = {
			isa = XCConfigurationList;
			buildConfigurations = (
				0CB85740181C7E3200D71BA1 /* Debug */,
				0CB85741181C7E3200D71BA1 /* Release */,
			);
			defaultConfigurationIsVisible = 0;
			defaultConfigurationName = Release;
		};
		0CB85742181C7E3200D71BA1 /* Build configuration list for PBXNativeTarget "MediSchedule" */ = {
			isa = XCConfigurationList;
			buildConfigurations = (
				0CB85743181C7E3200D71BA1 /* Debug */,
				0CB85744181C7E3200D71BA1 /* Release */,
			);
			defaultConfigurationIsVisible = 0;
			defaultConfigurationName = Release;
		};
		0CB85745181C7E3200D71BA1 /* Build configuration list for PBXNativeTarget "MediScheduleTests" */ = {
			isa = XCConfigurationList;
			buildConfigurations = (
				0CB85746181C7E3200D71BA1 /* Debug */,
				0CB85747181C7E3200D71BA1 /* Release */,
			);
			defaultConfigurationIsVisible = 0;
			defaultConfigurationName = Release;
		};
/* End XCConfigurationList section */
	};
	rootObject = 0CB856FF181C7E3100D71BA1 /* Project object */;
}
